
Microsoft Visual Studio Solution File, Format Version 12.00
Project("{2150E333-8FDC-42A3-9474-1A3956D46DE8}") = "tests", "tests", "{845BDEE6-5C7F-4759-8C97-6726237B9743}"
EndProject
Project("{2150E333-8FDC-42A3-9474-1A3956D46DE8}") = "src", "src", "{B2CA4465-1304-4388-9A60-12FA9E01762F}"
EndProject
Project("{FAE04EC0-301F-11D3-BF4B-00C04F79EFBC}") = "ToDoApp.Api", "src\TodoApp.Api\ToDoApp.Api.csproj", "{2E1B19D1-BBD3-4439-BF49-A6FB581DC491}"
EndProject
Project("{FAE04EC0-301F-11D3-BF4B-00C04F79EFBC}") = "ToDoApp.Application", "src\TodoApp.Application\ToDoApp.Application.csproj", "{4E1E2B22-8917-4C7B-9FA2-5E29C84CEAD8}"
EndProject
Project("{FAE04EC0-301F-11D3-BF4B-00C04F79EFBC}") = "ToDoApp.Domain", "src\TodoApp.Domain\ToDoApp.Domain.csproj", "{B91FB4B4-99C3-487F-90ED-8AFE80683A33}"
EndProject
Project("{FAE04EC0-301F-11D3-BF4B-00C04F79EFBC}") = "TodoApp.Infrastructure", "src\TodoApp.Infrastructure\TodoApp.Infrastructure.csproj", "{B2C8D6C0-81A5-45F9-A4ED-7ACD8137FC30}"
EndProject
Project("{FAE04EC0-301F-11D3-BF4B-00C04F79EFBC}") = "TodoApp.Application.Tests", "tests\TodoApp.Application.Tests\TodoApp.Application.Tests.csproj", "{CEE3CB7F-36E8-48F8-81CF-A38B5BC27E22}"
EndProject
Project("{FAE04EC0-301F-11D3-BF4B-00C04F79EFBC}") = "TodoApp.Domain.Tests", "tests\TodoApp.Domain.Tests\TodoApp.Domain.Tests.csproj", "{42DD2458-1FBC-4855-9AF3-303704EE06A2}"
EndProject
Global
	GlobalSection(SolutionConfigurationPlatforms) = preSolution
		Debug|Any CPU = Debug|Any CPU
		Release|Any CPU = Release|Any CPU
	EndGlobalSection
	GlobalSection(ProjectConfigurationPlatforms) = postSolution
		{7ADB9B6D-E3BD-403E-A8A0-30A6D34BA8AE}.Debug|Any CPU.ActiveCfg = Debug|Any CPU
		{7ADB9B6D-E3BD-403E-A8A0-30A6D34BA8AE}.Debug|Any CPU.Build.0 = Debug|Any CPU
		{7ADB9B6D-E3BD-403E-A8A0-30A6D34BA8AE}.Release|Any CPU.ActiveCfg = Release|Any CPU
		{7ADB9B6D-E3BD-403E-A8A0-30A6D34BA8AE}.Release|Any CPU.Build.0 = Release|Any CPU
		{DA8CEF2D-6680-474F-A1A6-1FE928D1C91B}.Debug|Any CPU.ActiveCfg = Debug|Any CPU
		{DA8CEF2D-6680-474F-A1A6-1FE928D1C91B}.Debug|Any CPU.Build.0 = Debug|Any CPU
		{DA8CEF2D-6680-474F-A1A6-1FE928D1C91B}.Release|Any CPU.ActiveCfg = Release|Any CPU
		{DA8CEF2D-6680-474F-A1A6-1FE928D1C91B}.Release|Any CPU.Build.0 = Release|Any CPU
		{3141D355-3101-48E1-A3EB-952BA134FBC1}.Debug|Any CPU.ActiveCfg = Debug|Any CPU
		{3141D355-3101-48E1-A3EB-952BA134FBC1}.Debug|Any CPU.Build.0 = Debug|Any CPU
		{3141D355-3101-48E1-A3EB-952BA134FBC1}.Release|Any CPU.ActiveCfg = Release|Any CPU
		{3141D355-3101-48E1-A3EB-952BA134FBC1}.Release|Any CPU.Build.0 = Release|Any CPU
		{D6812260-0339-4FE4-AB0D-74556B41B4A6}.Debug|Any CPU.ActiveCfg = Debug|Any CPU
		{D6812260-0339-4FE4-AB0D-74556B41B4A6}.Debug|Any CPU.Build.0 = Debug|Any CPU
		{D6812260-0339-4FE4-AB0D-74556B41B4A6}.Release|Any CPU.ActiveCfg = Release|Any CPU
		{D6812260-0339-4FE4-AB0D-74556B41B4A6}.Release|Any CPU.Build.0 = Release|Any CPU
		{19C70E5D-5402-49B7-8906-06250788EC58}.Debug|Any CPU.ActiveCfg = Debug|Any CPU
		{19C70E5D-5402-49B7-8906-06250788EC58}.Debug|Any CPU.Build.0 = Debug|Any CPU
		{19C70E5D-5402-49B7-8906-06250788EC58}.Release|Any CPU.ActiveCfg = Release|Any CPU
		{19C70E5D-5402-49B7-8906-06250788EC58}.Release|Any CPU.Build.0 = Release|Any CPU
		{9443ECF8-CF30-4065-A821-9B51E85A68D7}.Debug|Any CPU.ActiveCfg = Debug|Any CPU
		{9443ECF8-CF30-4065-A821-9B51E85A68D7}.Debug|Any CPU.Build.0 = Debug|Any CPU
		{9443ECF8-CF30-4065-A821-9B51E85A68D7}.Release|Any CPU.ActiveCfg = Release|Any CPU
		{9443ECF8-CF30-4065-A821-9B51E85A68D7}.Release|Any CPU.Build.0 = Release|Any CPU
		{2E1B19D1-BBD3-4439-BF49-A6FB581DC491}.Debug|Any CPU.ActiveCfg = Debug|Any CPU
		{2E1B19D1-BBD3-4439-BF49-A6FB581DC491}.Debug|Any CPU.Build.0 = Debug|Any CPU
		{2E1B19D1-BBD3-4439-BF49-A6FB581DC491}.Release|Any CPU.ActiveCfg = Release|Any CPU
		{2E1B19D1-BBD3-4439-BF49-A6FB581DC491}.Release|Any CPU.Build.0 = Release|Any CPU
		{4E1E2B22-8917-4C7B-9FA2-5E29C84CEAD8}.Debug|Any CPU.ActiveCfg = Debug|Any CPU
		{4E1E2B22-8917-4C7B-9FA2-5E29C84CEAD8}.Debug|Any CPU.Build.0 = Debug|Any CPU
		{4E1E2B22-8917-4C7B-9FA2-5E29C84CEAD8}.Release|Any CPU.ActiveCfg = Release|Any CPU
		{4E1E2B22-8917-4C7B-9FA2-5E29C84CEAD8}.Release|Any CPU.Build.0 = Release|Any CPU
		{B91FB4B4-99C3-487F-90ED-8AFE80683A33}.Debug|Any CPU.ActiveCfg = Debug|Any CPU
		{B91FB4B4-99C3-487F-90ED-8AFE80683A33}.Debug|Any CPU.Build.0 = Debug|Any CPU
		{B91FB4B4-99C3-487F-90ED-8AFE80683A33}.Release|Any CPU.ActiveCfg = Release|Any CPU
		{B91FB4B4-99C3-487F-90ED-8AFE80683A33}.Release|Any CPU.Build.0 = Release|Any CPU
		{B2C8D6C0-81A5-45F9-A4ED-7ACD8137FC30}.Debug|Any CPU.ActiveCfg = Debug|Any CPU
		{B2C8D6C0-81A5-45F9-A4ED-7ACD8137FC30}.Debug|Any CPU.Build.0 = Debug|Any CPU
		{B2C8D6C0-81A5-45F9-A4ED-7ACD8137FC30}.Release|Any CPU.ActiveCfg = Release|Any CPU
		{B2C8D6C0-81A5-45F9-A4ED-7ACD8137FC30}.Release|Any CPU.Build.0 = Release|Any CPU
		{CEE3CB7F-36E8-48F8-81CF-A38B5BC27E22}.Debug|Any CPU.ActiveCfg = Debug|Any CPU
		{CEE3CB7F-36E8-48F8-81CF-A38B5BC27E22}.Debug|Any CPU.Build.0 = Debug|Any CPU
		{CEE3CB7F-36E8-48F8-81CF-A38B5BC27E22}.Release|Any CPU.ActiveCfg = Release|Any CPU
		{CEE3CB7F-36E8-48F8-81CF-A38B5BC27E22}.Release|Any CPU.Build.0 = Release|Any CPU
		{42DD2458-1FBC-4855-9AF3-303704EE06A2}.Debug|Any CPU.ActiveCfg = Debug|Any CPU
		{42DD2458-1FBC-4855-9AF3-303704EE06A2}.Debug|Any CPU.Build.0 = Debug|Any CPU
		{42DD2458-1FBC-4855-9AF3-303704EE06A2}.Release|Any CPU.ActiveCfg = Release|Any CPU
		{42DD2458-1FBC-4855-9AF3-303704EE06A2}.Release|Any CPU.Build.0 = Release|Any CPU
	EndGlobalSection
	GlobalSection(NestedProjects) = preSolution
		{19C70E5D-5402-49B7-8906-06250788EC58} = {845BDEE6-5C7F-4759-8C97-6726237B9743}
		{9443ECF8-CF30-4065-A821-9B51E85A68D7} = {845BDEE6-5C7F-4759-8C97-6726237B9743}
		{7ADB9B6D-E3BD-403E-A8A0-30A6D34BA8AE} = {B2CA4465-1304-4388-9A60-12FA9E01762F}
		{3141D355-3101-48E1-A3EB-952BA134FBC1} = {B2CA4465-1304-4388-9A60-12FA9E01762F}
		{DA8CEF2D-6680-474F-A1A6-1FE928D1C91B} = {B2CA4465-1304-4388-9A60-12FA9E01762F}
		{D6812260-0339-4FE4-AB0D-74556B41B4A6} = {B2CA4465-1304-4388-9A60-12FA9E01762F}
		{42DD2458-1FBC-4855-9AF3-303704EE06A2} = {845BDEE6-5C7F-4759-8C97-6726237B9743}
		{CEE3CB7F-36E8-48F8-81CF-A38B5BC27E22} = {845BDEE6-5C7F-4759-8C97-6726237B9743}
		{2E1B19D1-BBD3-4439-BF49-A6FB581DC491} = {B2CA4465-1304-4388-9A60-12FA9E01762F}
		{4E1E2B22-8917-4C7B-9FA2-5E29C84CEAD8} = {B2CA4465-1304-4388-9A60-12FA9E01762F}
		{B91FB4B4-99C3-487F-90ED-8AFE80683A33} = {B2CA4465-1304-4388-9A60-12FA9E01762F}
		{B2C8D6C0-81A5-45F9-A4ED-7ACD8137FC30} = {B2CA4465-1304-4388-9A60-12FA9E01762F}
	EndGlobalSection
EndGlobal
