
Microsoft Visual Studio Solution File, Format Version 12.00
Project("{FAE04EC0-301F-11D3-BF4B-00C04F79EFBC}") = "TodoApp.Api", "TodoApp.Api\TodoApp.Api.csproj", "{7ADB9B6D-E3BD-403E-A8A0-30A6D34BA8AE}"
EndProject
Project("{FAE04EC0-301F-11D3-BF4B-00C04F79EFBC}") = "TodoApp.Domain", "TodoApp.Domain\TodoApp.Domain.csproj", "{DA8CEF2D-6680-474F-A1A6-1FE928D1C91B}"
EndProject
Project("{FAE04EC0-301F-11D3-BF4B-00C04F79EFBC}") = "TodoApp.Application", "TodoApp.Application\TodoApp.Application.csproj", "{3141D355-3101-48E1-A3EB-952BA134FBC1}"
EndProject
Project("{FAE04EC0-301F-11D3-BF4B-00C04F79EFBC}") = "TodoApp.Infrastructure", "TodoApp.Infrastructure\TodoApp.Infrastructure.csproj", "{D6812260-0339-4FE4-AB0D-74556B41B4A6}"
EndProject
Project("{FAE04EC0-301F-11D3-BF4B-00C04F79EFBC}") = "TodoApp.Application.Tests", "TodoApp.Application.Tests\TodoApp.Application.Tests.csproj", "{19C70E5D-5402-49B7-8906-06250788EC58}"
EndProject
Project("{FAE04EC0-301F-11D3-BF4B-00C04F79EFBC}") = "TodoApp.Domain.Tests", "TodoApp.Domain.Tests\TodoApp.Domain.Tests.csproj", "{9443ECF8-CF30-4065-A821-9B51E85A68D7}"
EndProject
Project("{2150E333-8FDC-42A3-9474-1A3956D46DE8}") = "tests", "tests", "{845BDEE6-5C7F-4759-8C97-6726237B9743}"
EndProject
Project("{2150E333-8FDC-42A3-9474-1A3956D46DE8}") = "src", "src", "{B2CA4465-1304-4388-9A60-12FA9E01762F}"
EndProject
Global
	GlobalSection(SolutionConfigurationPlatforms) = preSolution
		Debug|Any CPU = Debug|Any CPU
		Release|Any CPU = Release|Any CPU
	EndGlobalSection
	GlobalSection(ProjectConfigurationPlatforms) = postSolution
		{7ADB9B6D-E3BD-403E-A8A0-30A6D34BA8AE}.Debug|Any CPU.ActiveCfg = Debug|Any CPU
		{7ADB9B6D-E3BD-403E-A8A0-30A6D34BA8AE}.Debug|Any CPU.Build.0 = Debug|Any CPU
		{7ADB9B6D-E3BD-403E-A8A0-30A6D34BA8AE}.Release|Any CPU.ActiveCfg = Release|Any CPU
		{7ADB9B6D-E3BD-403E-A8A0-30A6D34BA8AE}.Release|Any CPU.Build.0 = Release|Any CPU
		{DA8CEF2D-6680-474F-A1A6-1FE928D1C91B}.Debug|Any CPU.ActiveCfg = Debug|Any CPU
		{DA8CEF2D-6680-474F-A1A6-1FE928D1C91B}.Debug|Any CPU.Build.0 = Debug|Any CPU
		{DA8CEF2D-6680-474F-A1A6-1FE928D1C91B}.Release|Any CPU.ActiveCfg = Release|Any CPU
		{DA8CEF2D-6680-474F-A1A6-1FE928D1C91B}.Release|Any CPU.Build.0 = Release|Any CPU
		{3141D355-3101-48E1-A3EB-952BA134FBC1}.Debug|Any CPU.ActiveCfg = Debug|Any CPU
		{3141D355-3101-48E1-A3EB-952BA134FBC1}.Debug|Any CPU.Build.0 = Debug|Any CPU
		{3141D355-3101-48E1-A3EB-952BA134FBC1}.Release|Any CPU.ActiveCfg = Release|Any CPU
		{3141D355-3101-48E1-A3EB-952BA134FBC1}.Release|Any CPU.Build.0 = Release|Any CPU
		{D6812260-0339-4FE4-AB0D-74556B41B4A6}.Debug|Any CPU.ActiveCfg = Debug|Any CPU
		{D6812260-0339-4FE4-AB0D-74556B41B4A6}.Debug|Any CPU.Build.0 = Debug|Any CPU
		{D6812260-0339-4FE4-AB0D-74556B41B4A6}.Release|Any CPU.ActiveCfg = Release|Any CPU
		{D6812260-0339-4FE4-AB0D-74556B41B4A6}.Release|Any CPU.Build.0 = Release|Any CPU
		{19C70E5D-5402-49B7-8906-06250788EC58}.Debug|Any CPU.ActiveCfg = Debug|Any CPU
		{19C70E5D-5402-49B7-8906-06250788EC58}.Debug|Any CPU.Build.0 = Debug|Any CPU
		{19C70E5D-5402-49B7-8906-06250788EC58}.Release|Any CPU.ActiveCfg = Release|Any CPU
		{19C70E5D-5402-49B7-8906-06250788EC58}.Release|Any CPU.Build.0 = Release|Any CPU
		{9443ECF8-CF30-4065-A821-9B51E85A68D7}.Debug|Any CPU.ActiveCfg = Debug|Any CPU
		{9443ECF8-CF30-4065-A821-9B51E85A68D7}.Debug|Any CPU.Build.0 = Debug|Any CPU
		{9443ECF8-CF30-4065-A821-9B51E85A68D7}.Release|Any CPU.ActiveCfg = Release|Any CPU
		{9443ECF8-CF30-4065-A821-9B51E85A68D7}.Release|Any CPU.Build.0 = Release|Any CPU
	EndGlobalSection
	GlobalSection(NestedProjects) = preSolution
		{19C70E5D-5402-49B7-8906-06250788EC58} = {845BDEE6-5C7F-4759-8C97-6726237B9743}
		{9443ECF8-CF30-4065-A821-9B51E85A68D7} = {845BDEE6-5C7F-4759-8C97-6726237B9743}
		{7ADB9B6D-E3BD-403E-A8A0-30A6D34BA8AE} = {B2CA4465-1304-4388-9A60-12FA9E01762F}
		{3141D355-3101-48E1-A3EB-952BA134FBC1} = {B2CA4465-1304-4388-9A60-12FA9E01762F}
		{DA8CEF2D-6680-474F-A1A6-1FE928D1C91B} = {B2CA4465-1304-4388-9A60-12FA9E01762F}
		{D6812260-0339-4FE4-AB0D-74556B41B4A6} = {B2CA4465-1304-4388-9A60-12FA9E01762F}
	EndGlobalSection
EndGlobal
